
Microsoft Visual Studio Solution File, Format Version 12.00
# Visual Studio Version 18
VisualStudioVersion = 18.1.11312.151 d18.0
MinimumVisualStudioVersion = 10.0.40219.1
Project("{FAE04EC0-301F-11D3-BF4B-00C04F79EFBC}") = "TreeDataStructure", "TreeDataStructure\TreeDataStructure.csproj", "{DA886789-123B-48D1-AA06-0043E89B0910}"
EndProject
Project("{2150E333-8FDC-42A3-9474-1A3956D46DE8}") = "tests", "tests", "{F36D025E-1CB2-4EE8-87C5-60E264BB913E}"
EndProject
Project("{FAE04EC0-301F-11D3-BF4B-00C04F79EFBC}") = "TreeDataStructure.Tests", "tests\TreeDataStructure.Tests\TreeDataStructure.Tests.csproj", "{89E7CFF7-87A7-B93F-E68F-48B18C2C702E}"
EndProject
Global
	GlobalSection(SolutionConfigurationPlatforms) = preSolution
		Debug|Any CPU = Debug|Any CPU
		Release|Any CPU = Release|Any CPU
	EndGlobalSection
	GlobalSection(ProjectConfigurationPlatforms) = postSolution
		{DA886789-123B-48D1-AA06-0043E89B0910}.Debug|Any CPU.ActiveCfg = Debug|Any CPU
		{DA886789-123B-48D1-AA06-0043E89B0910}.Debug|Any CPU.Build.0 = Debug|Any CPU
		{DA886789-123B-48D1-AA06-0043E89B0910}.Release|Any CPU.ActiveCfg = Release|Any CPU
		{DA886789-123B-48D1-AA06-0043E89B0910}.Release|Any CPU.Build.0 = Release|Any CPU
		{89E7CFF7-87A7-B93F-E68F-48B18C2C702E}.Debug|Any CPU.ActiveCfg = Debug|Any CPU
		{89E7CFF7-87A7-B93F-E68F-48B18C2C702E}.Debug|Any CPU.Build.0 = Debug|Any CPU
		{89E7CFF7-87A7-B93F-E68F-48B18C2C702E}.Release|Any CPU.ActiveCfg = Release|Any CPU
		{89E7CFF7-87A7-B93F-E68F-48B18C2C702E}.Release|Any CPU.Build.0 = Release|Any CPU
	EndGlobalSection
	GlobalSection(SolutionProperties) = preSolution
		HideSolutionNode = FALSE
	EndGlobalSection
	GlobalSection(NestedProjects) = preSolution
		{89E7CFF7-87A7-B93F-E68F-48B18C2C702E} = {F36D025E-1CB2-4EE8-87C5-60E264BB913E}
	EndGlobalSection
	GlobalSection(ExtensibilityGlobals) = postSolution
		SolutionGuid = {9BE08383-EE7D-462B-AA94-2AD9A19D9D9B}
	EndGlobalSection
EndGlobal
